# This file is automatically @generated by Poetry 2.1.3 and should not be changed by hand.

[[package]]
name = "adafruit-ampy"
version = "1.1.0"
description = "ampy (Adafruit MicroPython tool) is a command line tool to interact with a CircuitPython or MicroPython board over a serial connection."
optional = false
python-versions = "*"
groups = ["main"]
files = [
    {file = "adafruit-ampy-1.1.0.tar.gz", hash = "sha256:f4cba36f564096f2aafd173f7fbabb845365cc3bb3f41c37541edf98b58d3976"},
    {file = "adafruit_ampy-1.1.0-py2.py3-none-any.whl", hash = "sha256:4a74812226e53c17d01eb828633424bc4f4fe76b9499a7b35eba6fc2532635b7"},
]

[package.dependencies]
click = "*"
pyserial = "*"
python-dotenv = "*"

[[package]]
name = "click"
version = "8.2.1"
description = "Composable command line interface toolkit"
optional = false
python-versions = ">=3.10"
groups = ["main"]
files = [
    {file = "click-8.2.1-py3-none-any.whl", hash = "sha256:61a3265b914e850b85317d0b3109c7f8cd35a670f963866005d6ef1d5175a12b"},
    {file = "click-8.2.1.tar.gz", hash = "sha256:27c491cc05d968d271d5a1db13e3b5a184636d9d930f148c50b038f0d0646202"},
]

[package.dependencies]
colorama = {version = "*", markers = "platform_system == \"Windows\""}

[[package]]
name = "colorama"
version = "0.4.6"
description = "Cross-platform colored terminal text."
optional = false
python-versions = "!=3.0.*,!=3.1.*,!=3.2.*,!=3.3.*,!=3.4.*,!=3.5.*,!=3.6.*,>=2.7"
groups = ["main"]
markers = "platform_system == \"Windows\""
files = [
    {file = "colorama-0.4.6-py2.py3-none-any.whl", hash = "sha256:4f1d9991f5acc0ca119f9d443620b77f9d6b33703e51011c16baf57afb285fc6"},
    {file = "colorama-0.4.6.tar.gz", hash = "sha256:08695f5cb7ed6e0531a20572697297273c47b8cae5a63ffc6d6ed5c201be6e44"},
]

[[package]]
name = "config"
version = "0.5.1"
description = "A hierarchical, easy-to-use, powerful configuration module for Python"
optional = false
python-versions = "*"
groups = ["main"]
files = [
    {file = "config-0.5.1-py2.py3-none-any.whl", hash = "sha256:79ffa009ff2663cc8ca29e56bcec031c044609d4bafaa4f884132a413101ce84"},
    {file = "config-0.5.1.zip", hash = "sha256:2dd4a03aa383d30711d5a3325a1858de225328d61950a85be5b74c100f63016d"},
]

[[package]]
name = "docopt"
version = "0.6.2"
description = "Pythonic argument parser, that will make you smile"
optional = false
python-versions = "*"
groups = ["dev"]
files = [
    {file = "docopt-0.6.2.tar.gz", hash = "sha256:49b3a825280bd66b3aa83585ef59c4a8c82f2c8a522dbe754a8bc8d08c85c491"},
]

[[package]]
name = "micropython-rp2-rpi-pico-w-stubs"
version = "1.22.1.post2"
description = "MicroPython stubs"
optional = false
python-versions = ">=3.8,<4.0"
groups = ["dev"]
files = [
    {file = "micropython_rp2_rpi_pico_w_stubs-1.22.1.post2-py3-none-any.whl", hash = "sha256:53a1697bc2c1ed7340ee782973c5855b6db3ba2e7a08b1faec7752058e48679d"},
    {file = "micropython_rp2_rpi_pico_w_stubs-1.22.1.post2.tar.gz", hash = "sha256:df4e86bee9404e86d4c8419019479d91955bcc9a523c4d818652532ab5d0a570"},
]

[package.dependencies]
micropython-stdlib-stubs = ">=1.1.1"

[[package]]
name = "micropython-stdlib-stubs"
version = "1.25.0"
description = "Micropython stdlib is a reduced and augmented copy of typeshed's stdlib for use by MicroPython stub packages"
optional = false
python-versions = ">=3.7"
groups = ["dev"]
files = [
    {file = "micropython_stdlib_stubs-1.25.0-py3-none-any.whl", hash = "sha256:5b1faecff10f85d1cd812c13e183eb9cd99238f01af7d829995eece4c4450b3f"},
]

[[package]]
name = "mpy-cross"
version = "1.26.0rc0.post2"
description = "micropython mpy-cross distribution"
optional = false
python-versions = "*"
groups = ["main"]
files = [
    {file = "mpy_cross-1.26.0rc0.post2-py2.py3-none-macosx_11_0_universal2.whl", hash = "sha256:ac5ab24f99c46ec9f43ff788a4d728a7ef7f49ed765be444f91dfee405259510"},
    {file = "mpy_cross-1.26.0rc0.post2-py2.py3-none-manylinux1_i686.whl", hash = "sha256:4ab3c179e1f05afb30d9ba82ba2e750bfb2eecd48173695dd288b64db327b6e7"},
    {file = "mpy_cross-1.26.0rc0.post2-py2.py3-none-manylinux1_x86_64.whl", hash = "sha256:7710c719f9eff0be52ea90c2b9af8e21b272f5f62a747f27525a5293bc079b1c"},
    {file = "mpy_cross-1.26.0rc0.post2-py2.py3-none-manylinux2014_aarch64.whl", hash = "sha256:005b207f8834534e332908e418d5ee358f7cd69d354f63e1b1cc9f11e921ad61"},
    {file = "mpy_cross-1.26.0rc0.post2-py2.py3-none-manylinux2014_armv7l.whl", hash = "sha256:70227c7952cc503c5d1923f009ddd95e61bf89b6ce0c8528d98fa094ec41aa01"},
    {file = "mpy_cross-1.26.0rc0.post2-py2.py3-none-win32.whl", hash = "sha256:aa5ab0f25825364fd3d7bebe3fec32726b6fc1eb4aae51d173ef047a1b797386"},
    {file = "mpy_cross-1.26.0rc0.post2-py2.py3-none-win_amd64.whl", hash = "sha256:496ecaa6d64f642fc8b670078d0a10a20650c26c6b951d9b917ea313ff1d7f28"},
]

[[package]]
name = "pimoroni-pico-stubs"
version = "1.21.0"
description = "Micropython Stubs for Pimoroni MicroPython libraries for RP2040-based boards"
optional = false
python-versions = ">=3.10,<4.0"
groups = ["dev"]
files = [
    {file = "pimoroni_pico_stubs-1.21.0-py3-none-any.whl", hash = "sha256:2ffb860c9f389b5003378df7f1e28a5a499a2a89368166ae64ada31505c0f488"},
    {file = "pimoroni_pico_stubs-1.21.0.tar.gz", hash = "sha256:27c6a066fc581dfca4948f216d872ea5fb8b6c31304eb5ba89f2f72232a0db1b"},
]

[package.dependencies]
micropython-rp2-rpi_pico_w-stubs = ">=1.21.0"

[[package]]
name = "poetry-core"
version = "2.1.3"
description = "Poetry PEP 517 Build Backend"
optional = false
python-versions = "<4.0,>=3.9"
groups = ["dev"]
files = [
    {file = "poetry_core-2.1.3-py3-none-any.whl", hash = "sha256:2c704f05016698a54ca1d327f46ce2426d72eaca6ff614132c8477c292266771"},
    {file = "poetry_core-2.1.3.tar.gz", hash = "sha256:0522a015477ed622c89aad56a477a57813cace0c8e7ff2a2906b7ef4a2e296a4"},
]

[[package]]
name = "pyserial"
version = "3.5"
description = "Python Serial Port Extension"
optional = false
python-versions = "*"
groups = ["main", "dev"]
files = [
    {file = "pyserial-3.5-py2.py3-none-any.whl", hash = "sha256:c4451db6ba391ca6ca299fb3ec7bae67a5c55dde170964c7a14ceefec02f2cf0"},
    {file = "pyserial-3.5.tar.gz", hash = "sha256:3c77e014170dfffbd816e6ffc205e9842efb10be9f58ec16d3e8675b4925cddb"},
]

[package.extras]
cp2110 = ["hidapi"]

[[package]]
name = "python-dotenv"
version = "1.1.1"
description = "Read key-value pairs from a .env file and set them as environment variables"
optional = false
python-versions = ">=3.9"
groups = ["main"]
files = [
    {file = "python_dotenv-1.1.1-py3-none-any.whl", hash = "sha256:31f23644fe2602f88ff55e1f5c79ba497e01224ee7737937930c448e4d0e24dc"},
    {file = "python_dotenv-1.1.1.tar.gz", hash = "sha256:a8a6399716257f45be6a007360200409fce5cda2661e3dec71d23dc15f6189ab"},
]

[package.extras]
cli = ["click (>=5.0)"]

[[package]]
name = "urequests"
version = "0.1.2"
description = "HTTP Library with a similar interface to python-requests. Particularly well suited for usage with MicroPython.org"
optional = false
python-versions = "*"
groups = ["main"]
files = [
    {file = "urequests-0.1.2.tar.gz", hash = "sha256:03bbcce814d91dd6099165879dea0c1a54d28405183abfdee33ca4718cf284b5"},
]

[metadata]
lock-version = "2.1"
python-versions = ">=3.10,<4.0"
content-hash = "ce7e35a6fd02aebfc9482bec61c4629762349258b2fca38ad52ac05889cb120c"
